
Microsoft Visual Studio Solution File, Format Version 12.00
# Visual Studio Version 17
VisualStudioVersion = 17.7.34024.191
MinimumVisualStudioVersion = 10.0.40219.1
Project("{9A19103F-16F7-4668-BE54-9A1E7A4F7556}") = "Mock_Project_Net03", "Mock_Project_Net03\Mock_Project_Net03.csproj", "{7290B234-A6AD-40CB-8896-64292B0FA8EF}"
EndProject
Project("{FAE04EC0-301F-11D3-BF4B-00C04F79EFBC}") = "Mock_Project_Net03.Tests.Unit", "Mock_Project_Net03.Tests.Unit\Mock_Project_Net03.Tests.Unit.csproj", "{CD935FD0-4F4C-4488-BCC9-85A4776F04D3}"
EndProject
Global
	GlobalSection(SolutionConfigurationPlatforms) = preSolution
		Debug|Any CPU = Debug|Any CPU
		Release|Any CPU = Release|Any CPU
	EndGlobalSection
	GlobalSection(ProjectConfigurationPlatforms) = postSolution
		{7290B234-A6AD-40CB-8896-64292B0FA8EF}.Debug|Any CPU.ActiveCfg = Debug|Any CPU
		{7290B234-A6AD-40CB-8896-64292B0FA8EF}.Debug|Any CPU.Build.0 = Debug|Any CPU
		{7290B234-A6AD-40CB-8896-64292B0FA8EF}.Release|Any CPU.ActiveCfg = Release|Any CPU
		{7290B234-A6AD-40CB-8896-64292B0FA8EF}.Release|Any CPU.Build.0 = Release|Any CPU
		{CD935FD0-4F4C-4488-BCC9-85A4776F04D3}.Debug|Any CPU.ActiveCfg = Debug|Any CPU
		{CD935FD0-4F4C-4488-BCC9-85A4776F04D3}.Debug|Any CPU.Build.0 = Debug|Any CPU
		{CD935FD0-4F4C-4488-BCC9-85A4776F04D3}.Release|Any CPU.ActiveCfg = Release|Any CPU
		{CD935FD0-4F4C-4488-BCC9-85A4776F04D3}.Release|Any CPU.Build.0 = Release|Any CPU
	EndGlobalSection
	GlobalSection(SolutionProperties) = preSolution
		HideSolutionNode = FALSE
	EndGlobalSection
	GlobalSection(ExtensibilityGlobals) = postSolution
		SolutionGuid = {1AB72C43-49DB-4AB5-A4BA-7F809FCF3AB9}
	EndGlobalSection
EndGlobal
